
Microsoft Visual Studio Solution File, Format Version 12.00
# Visual Studio Version 17
VisualStudioVersion = 17.12.35707.178 d17.12
MinimumVisualStudioVersion = 10.0.40219.1
Project("{FAE04EC0-301F-11D3-BF4B-00C04F79EFBC}") = "APDS_LoginAPI", "APDS_LoginAPI.csproj", "{EC03120E-4DA1-4351-A5C6-707020603092}"
EndProject
Global
	GlobalSection(SolutionConfigurationPlatforms) = preSolution
		Debug|Any CPU = Debug|Any CPU
		Release|Any CPU = Release|Any CPU
	EndGlobalSection
	GlobalSection(ProjectConfigurationPlatforms) = postSolution
		{EC03120E-4DA1-4351-A5C6-707020603092}.Debug|Any CPU.ActiveCfg = Debug|Any CPU
		{EC03120E-4DA1-4351-A5C6-707020603092}.Debug|Any CPU.Build.0 = Debug|Any CPU
		{EC03120E-4DA1-4351-A5C6-707020603092}.Release|Any CPU.ActiveCfg = Release|Any CPU
		{EC03120E-4DA1-4351-A5C6-707020603092}.Release|Any CPU.Build.0 = Release|Any CPU
	EndGlobalSection
	GlobalSection(SolutionProperties) = preSolution
		HideSolutionNode = FALSE
	EndGlobalSection
EndGlobal
